
Microsoft Visual Studio Solution File, Format Version 12.00
# Visual Studio Version 16
VisualStudioVersion = 25.0.1705.1
MinimumVisualStudioVersion = 10.0.40219.1
Project("{FAE04EC0-301F-11D3-BF4B-00C04F79EFBC}") = "BulkyBook", "BulkyBook\BulkyBook.csproj", "{72FA409B-08B3-4E1A-8A6F-7F739F00C6F9}"
EndProject
Global
	GlobalSection(SolutionConfigurationPlatforms) = preSolution
		Debug|Any CPU = Debug|Any CPU
		Release|Any CPU = Release|Any CPU
	EndGlobalSection
	GlobalSection(ProjectConfigurationPlatforms) = postSolution
		{72FA409B-08B3-4E1A-8A6F-7F739F00C6F9}.Debug|Any CPU.ActiveCfg = Debug|Any CPU
		{72FA409B-08B3-4E1A-8A6F-7F739F00C6F9}.Debug|Any CPU.Build.0 = Debug|Any CPU
		{72FA409B-08B3-4E1A-8A6F-7F739F00C6F9}.Release|Any CPU.ActiveCfg = Release|Any CPU
		{72FA409B-08B3-4E1A-8A6F-7F739F00C6F9}.Release|Any CPU.Build.0 = Release|Any CPU
	EndGlobalSection
	GlobalSection(SolutionProperties) = preSolution
		HideSolutionNode = FALSE
	EndGlobalSection
	GlobalSection(ExtensibilityGlobals) = postSolution
		SolutionGuid = {05E2EC36-860E-4F9E-8BE6-AC770457EAE3}
	EndGlobalSection
EndGlobal
